
Microsoft Visual Studio Solution File, Format Version 12.00
# Visual Studio Version 17
VisualStudioVersion = 17.0.31903.59
MinimumVisualStudioVersion = 10.0.40219.1
Project("{FAE04EC0-301F-11D3-BF4B-00C04F79EFBC}") = "Srm.Gateway.Api", "Srm.Gateway.Api\Srm.Gateway.Api.csproj", "{706BDCA7-5E84-4E83-81FB-D981E5350698}"
EndProject
Project("{FAE04EC0-301F-11D3-BF4B-00C04F79EFBC}") = "Srm.Gateway.Infrastructure", "Srm.Gateway.Infrastructure\Srm.Gateway.Infrastructure.csproj", "{B4D2B832-FDA4-441F-8BA7-8513838F7BA1}"
EndProject
Project("{FAE04EC0-301F-11D3-BF4B-00C04F79EFBC}") = "Srm.Gateway.Domain", "Srm.Gateway.Domain\Srm.Gateway.Domain.csproj", "{AC4743BA-3255-478E-AC22-46A58CE21C87}"
EndProject
Project("{FAE04EC0-301F-11D3-BF4B-00C04F79EFBC}") = "Srm.Gateway.Application", "Srm.Gateway.Application\Srm.Gateway.Application.csproj", "{758D91C7-000F-4496-B233-68A83F4AAEE1}"
EndProject
Global
	GlobalSection(SolutionConfigurationPlatforms) = preSolution
		Debug|Any CPU = Debug|Any CPU
		Debug|x64 = Debug|x64
		Debug|x86 = Debug|x86
		Release|Any CPU = Release|Any CPU
		Release|x64 = Release|x64
		Release|x86 = Release|x86
	EndGlobalSection
	GlobalSection(ProjectConfigurationPlatforms) = postSolution
		{706BDCA7-5E84-4E83-81FB-D981E5350698}.Debug|Any CPU.ActiveCfg = Debug|Any CPU
		{706BDCA7-5E84-4E83-81FB-D981E5350698}.Debug|Any CPU.Build.0 = Debug|Any CPU
		{706BDCA7-5E84-4E83-81FB-D981E5350698}.Debug|x64.ActiveCfg = Debug|Any CPU
		{706BDCA7-5E84-4E83-81FB-D981E5350698}.Debug|x64.Build.0 = Debug|Any CPU
		{706BDCA7-5E84-4E83-81FB-D981E5350698}.Debug|x86.ActiveCfg = Debug|Any CPU
		{706BDCA7-5E84-4E83-81FB-D981E5350698}.Debug|x86.Build.0 = Debug|Any CPU
		{706BDCA7-5E84-4E83-81FB-D981E5350698}.Release|Any CPU.ActiveCfg = Release|Any CPU
		{706BDCA7-5E84-4E83-81FB-D981E5350698}.Release|Any CPU.Build.0 = Release|Any CPU
		{706BDCA7-5E84-4E83-81FB-D981E5350698}.Release|x64.ActiveCfg = Release|Any CPU
		{706BDCA7-5E84-4E83-81FB-D981E5350698}.Release|x64.Build.0 = Release|Any CPU
		{706BDCA7-5E84-4E83-81FB-D981E5350698}.Release|x86.ActiveCfg = Release|Any CPU
		{706BDCA7-5E84-4E83-81FB-D981E5350698}.Release|x86.Build.0 = Release|Any CPU
		{B4D2B832-FDA4-441F-8BA7-8513838F7BA1}.Debug|Any CPU.ActiveCfg = Debug|Any CPU
		{B4D2B832-FDA4-441F-8BA7-8513838F7BA1}.Debug|Any CPU.Build.0 = Debug|Any CPU
		{B4D2B832-FDA4-441F-8BA7-8513838F7BA1}.Debug|x64.ActiveCfg = Debug|Any CPU
		{B4D2B832-FDA4-441F-8BA7-8513838F7BA1}.Debug|x64.Build.0 = Debug|Any CPU
		{B4D2B832-FDA4-441F-8BA7-8513838F7BA1}.Debug|x86.ActiveCfg = Debug|Any CPU
		{B4D2B832-FDA4-441F-8BA7-8513838F7BA1}.Debug|x86.Build.0 = Debug|Any CPU
		{B4D2B832-FDA4-441F-8BA7-8513838F7BA1}.Release|Any CPU.ActiveCfg = Release|Any CPU
		{B4D2B832-FDA4-441F-8BA7-8513838F7BA1}.Release|Any CPU.Build.0 = Release|Any CPU
		{B4D2B832-FDA4-441F-8BA7-8513838F7BA1}.Release|x64.ActiveCfg = Release|Any CPU
		{B4D2B832-FDA4-441F-8BA7-8513838F7BA1}.Release|x64.Build.0 = Release|Any CPU
		{B4D2B832-FDA4-441F-8BA7-8513838F7BA1}.Release|x86.ActiveCfg = Release|Any CPU
		{B4D2B832-FDA4-441F-8BA7-8513838F7BA1}.Release|x86.Build.0 = Release|Any CPU
		{AC4743BA-3255-478E-AC22-46A58CE21C87}.Debug|Any CPU.ActiveCfg = Debug|Any CPU
		{AC4743BA-3255-478E-AC22-46A58CE21C87}.Debug|Any CPU.Build.0 = Debug|Any CPU
		{AC4743BA-3255-478E-AC22-46A58CE21C87}.Debug|x64.ActiveCfg = Debug|Any CPU
		{AC4743BA-3255-478E-AC22-46A58CE21C87}.Debug|x64.Build.0 = Debug|Any CPU
		{AC4743BA-3255-478E-AC22-46A58CE21C87}.Debug|x86.ActiveCfg = Debug|Any CPU
		{AC4743BA-3255-478E-AC22-46A58CE21C87}.Debug|x86.Build.0 = Debug|Any CPU
		{AC4743BA-3255-478E-AC22-46A58CE21C87}.Release|Any CPU.ActiveCfg = Release|Any CPU
		{AC4743BA-3255-478E-AC22-46A58CE21C87}.Release|Any CPU.Build.0 = Release|Any CPU
		{AC4743BA-3255-478E-AC22-46A58CE21C87}.Release|x64.ActiveCfg = Release|Any CPU
		{AC4743BA-3255-478E-AC22-46A58CE21C87}.Release|x64.Build.0 = Release|Any CPU
		{AC4743BA-3255-478E-AC22-46A58CE21C87}.Release|x86.ActiveCfg = Release|Any CPU
		{AC4743BA-3255-478E-AC22-46A58CE21C87}.Release|x86.Build.0 = Release|Any CPU
		{758D91C7-000F-4496-B233-68A83F4AAEE1}.Debug|Any CPU.ActiveCfg = Debug|Any CPU
		{758D91C7-000F-4496-B233-68A83F4AAEE1}.Debug|Any CPU.Build.0 = Debug|Any CPU
		{758D91C7-000F-4496-B233-68A83F4AAEE1}.Debug|x64.ActiveCfg = Debug|Any CPU
		{758D91C7-000F-4496-B233-68A83F4AAEE1}.Debug|x64.Build.0 = Debug|Any CPU
		{758D91C7-000F-4496-B233-68A83F4AAEE1}.Debug|x86.ActiveCfg = Debug|Any CPU
		{758D91C7-000F-4496-B233-68A83F4AAEE1}.Debug|x86.Build.0 = Debug|Any CPU
		{758D91C7-000F-4496-B233-68A83F4AAEE1}.Release|Any CPU.ActiveCfg = Release|Any CPU
		{758D91C7-000F-4496-B233-68A83F4AAEE1}.Release|Any CPU.Build.0 = Release|Any CPU
		{758D91C7-000F-4496-B233-68A83F4AAEE1}.Release|x64.ActiveCfg = Release|Any CPU
		{758D91C7-000F-4496-B233-68A83F4AAEE1}.Release|x64.Build.0 = Release|Any CPU
		{758D91C7-000F-4496-B233-68A83F4AAEE1}.Release|x86.ActiveCfg = Release|Any CPU
		{758D91C7-000F-4496-B233-68A83F4AAEE1}.Release|x86.Build.0 = Release|Any CPU
	EndGlobalSection
	GlobalSection(SolutionProperties) = preSolution
		HideSolutionNode = FALSE
	EndGlobalSection
	GlobalSection(ExtensibilityGlobals) = postSolution
		SolutionGuid = {38F9C7AA-3013-4C2A-96E9-CE3F66A8E837}
	EndGlobalSection
EndGlobal
